
Microsoft Visual Studio Solution File, Format Version 12.00
# Visual Studio 15
VisualStudioVersion = 15.0.26228.4
MinimumVisualStudioVersion = 10.0.40219.1
Project("{FAE04EC0-301F-11D3-BF4B-00C04F79EFBC}") = "BLL", "src\BLL\BLL.csproj", "{BA0F2EFD-0CFF-450B-AC32-ABDEB7BA3B04}"
EndProject
Project("{FAE04EC0-301F-11D3-BF4B-00C04F79EFBC}") = "DAL", "src\DAL\DAL.csproj", "{D2CC682F-3D9F-4071-9CE2-26829619882D}"
EndProject
Project("{9A19103F-16F7-4668-BE54-9A1E7A4F7556}") = "PokeAPI", "src\PokeAPI\PokeAPI.csproj", "{545B8336-C964-4BEB-8BF9-653E4BE78E29}"
EndProject
Project("{FAE04EC0-301F-11D3-BF4B-00C04F79EFBC}") = "BLL.Test", "src\BLL.Test\BLL.Test.csproj", "{16247786-0F73-4786-BFE4-15AEAA36F08B}"
EndProject
Global
	GlobalSection(SolutionConfigurationPlatforms) = preSolution
		Debug|Any CPU = Debug|Any CPU
		Release|Any CPU = Release|Any CPU
	EndGlobalSection
	GlobalSection(ProjectConfigurationPlatforms) = postSolution
		{BA0F2EFD-0CFF-450B-AC32-ABDEB7BA3B04}.Debug|Any CPU.ActiveCfg = Debug|Any CPU
		{BA0F2EFD-0CFF-450B-AC32-ABDEB7BA3B04}.Debug|Any CPU.Build.0 = Debug|Any CPU
		{BA0F2EFD-0CFF-450B-AC32-ABDEB7BA3B04}.Release|Any CPU.ActiveCfg = Release|Any CPU
		{BA0F2EFD-0CFF-450B-AC32-ABDEB7BA3B04}.Release|Any CPU.Build.0 = Release|Any CPU
		{D2CC682F-3D9F-4071-9CE2-26829619882D}.Debug|Any CPU.ActiveCfg = Debug|Any CPU
		{D2CC682F-3D9F-4071-9CE2-26829619882D}.Debug|Any CPU.Build.0 = Debug|Any CPU
		{D2CC682F-3D9F-4071-9CE2-26829619882D}.Release|Any CPU.ActiveCfg = Release|Any CPU
		{D2CC682F-3D9F-4071-9CE2-26829619882D}.Release|Any CPU.Build.0 = Release|Any CPU
		{545B8336-C964-4BEB-8BF9-653E4BE78E29}.Debug|Any CPU.ActiveCfg = Debug|Any CPU
		{545B8336-C964-4BEB-8BF9-653E4BE78E29}.Debug|Any CPU.Build.0 = Debug|Any CPU
		{545B8336-C964-4BEB-8BF9-653E4BE78E29}.Release|Any CPU.ActiveCfg = Release|Any CPU
		{545B8336-C964-4BEB-8BF9-653E4BE78E29}.Release|Any CPU.Build.0 = Release|Any CPU
		{16247786-0F73-4786-BFE4-15AEAA36F08B}.Debug|Any CPU.ActiveCfg = Debug|Any CPU
		{16247786-0F73-4786-BFE4-15AEAA36F08B}.Debug|Any CPU.Build.0 = Debug|Any CPU
		{16247786-0F73-4786-BFE4-15AEAA36F08B}.Release|Any CPU.ActiveCfg = Release|Any CPU
		{16247786-0F73-4786-BFE4-15AEAA36F08B}.Release|Any CPU.Build.0 = Release|Any CPU
	EndGlobalSection
	GlobalSection(SolutionProperties) = preSolution
		HideSolutionNode = FALSE
	EndGlobalSection
EndGlobal
