
Microsoft Visual Studio Solution File, Format Version 12.00
# Visual Studio 15
VisualStudioVersion = 15.0.26228.4
MinimumVisualStudioVersion = 10.0.40219.1
Project("{FAE04EC0-301F-11D3-BF4B-00C04F79EFBC}") = "BLL", "src\BLL\BLL.csproj", "{BA0F2EFD-0CFF-450B-AC32-ABDEB7BA3B04}"
EndProject
Project("{FAE04EC0-301F-11D3-BF4B-00C04F79EFBC}") = "DAL", "src\DAL\DAL.csproj", "{D2CC682F-3D9F-4071-9CE2-26829619882D}"
EndProject
Project("{9A19103F-16F7-4668-BE54-9A1E7A4F7556}") = "PokeAPI", "src\PokeAPI\PokeAPI.csproj", "{545B8336-C964-4BEB-8BF9-653E4BE78E29}"
EndProject
Project("{2150E333-8FDC-42A3-9474-1A3956D46DE8}") = "test", "test", "{304D193C-D39F-4D69-B499-879C69A3C3D5}"
EndProject
Project("{9A19103F-16F7-4668-BE54-9A1E7A4F7556}") = "BLL.Test", "test\BLL.Test\BLL.Test.csproj", "{D2EAF6D3-0194-4699-97A4-D94ABC75BCCF}"
EndProject
Project("{9A19103F-16F7-4668-BE54-9A1E7A4F7556}") = "Controller.Test", "test\Controller.Test\Controller.Test.csproj", "{1FB491C5-C35F-47B6-A1E3-36244D096337}"
EndProject
Project("{FAE04EC0-301F-11D3-BF4B-00C04F79EFBC}") = "Shared.Test", "test\Shared.Test\Shared.Test.csproj", "{09D30884-8A5E-4F05-80F8-90FF934E6B04}"
EndProject
Global
	GlobalSection(SolutionConfigurationPlatforms) = preSolution
		Debug|Any CPU = Debug|Any CPU
		Release|Any CPU = Release|Any CPU
	EndGlobalSection
	GlobalSection(ProjectConfigurationPlatforms) = postSolution
		{BA0F2EFD-0CFF-450B-AC32-ABDEB7BA3B04}.Debug|Any CPU.ActiveCfg = Debug|Any CPU
		{BA0F2EFD-0CFF-450B-AC32-ABDEB7BA3B04}.Debug|Any CPU.Build.0 = Debug|Any CPU
		{BA0F2EFD-0CFF-450B-AC32-ABDEB7BA3B04}.Release|Any CPU.ActiveCfg = Release|Any CPU
		{BA0F2EFD-0CFF-450B-AC32-ABDEB7BA3B04}.Release|Any CPU.Build.0 = Release|Any CPU
		{D2CC682F-3D9F-4071-9CE2-26829619882D}.Debug|Any CPU.ActiveCfg = Debug|Any CPU
		{D2CC682F-3D9F-4071-9CE2-26829619882D}.Debug|Any CPU.Build.0 = Debug|Any CPU
		{D2CC682F-3D9F-4071-9CE2-26829619882D}.Release|Any CPU.ActiveCfg = Release|Any CPU
		{D2CC682F-3D9F-4071-9CE2-26829619882D}.Release|Any CPU.Build.0 = Release|Any CPU
		{545B8336-C964-4BEB-8BF9-653E4BE78E29}.Debug|Any CPU.ActiveCfg = Debug|Any CPU
		{545B8336-C964-4BEB-8BF9-653E4BE78E29}.Debug|Any CPU.Build.0 = Debug|Any CPU
		{545B8336-C964-4BEB-8BF9-653E4BE78E29}.Release|Any CPU.ActiveCfg = Release|Any CPU
		{545B8336-C964-4BEB-8BF9-653E4BE78E29}.Release|Any CPU.Build.0 = Release|Any CPU
		{D2EAF6D3-0194-4699-97A4-D94ABC75BCCF}.Debug|Any CPU.ActiveCfg = Debug|Any CPU
		{D2EAF6D3-0194-4699-97A4-D94ABC75BCCF}.Debug|Any CPU.Build.0 = Debug|Any CPU
		{D2EAF6D3-0194-4699-97A4-D94ABC75BCCF}.Release|Any CPU.ActiveCfg = Release|Any CPU
		{D2EAF6D3-0194-4699-97A4-D94ABC75BCCF}.Release|Any CPU.Build.0 = Release|Any CPU
		{1FB491C5-C35F-47B6-A1E3-36244D096337}.Debug|Any CPU.ActiveCfg = Debug|Any CPU
		{1FB491C5-C35F-47B6-A1E3-36244D096337}.Debug|Any CPU.Build.0 = Debug|Any CPU
		{1FB491C5-C35F-47B6-A1E3-36244D096337}.Release|Any CPU.ActiveCfg = Release|Any CPU
		{1FB491C5-C35F-47B6-A1E3-36244D096337}.Release|Any CPU.Build.0 = Release|Any CPU
		{09D30884-8A5E-4F05-80F8-90FF934E6B04}.Debug|Any CPU.ActiveCfg = Debug|Any CPU
		{09D30884-8A5E-4F05-80F8-90FF934E6B04}.Debug|Any CPU.Build.0 = Debug|Any CPU
		{09D30884-8A5E-4F05-80F8-90FF934E6B04}.Release|Any CPU.ActiveCfg = Release|Any CPU
		{09D30884-8A5E-4F05-80F8-90FF934E6B04}.Release|Any CPU.Build.0 = Release|Any CPU
	EndGlobalSection
	GlobalSection(SolutionProperties) = preSolution
		HideSolutionNode = FALSE
	EndGlobalSection
	GlobalSection(NestedProjects) = preSolution
		{D2EAF6D3-0194-4699-97A4-D94ABC75BCCF} = {304D193C-D39F-4D69-B499-879C69A3C3D5}
		{1FB491C5-C35F-47B6-A1E3-36244D096337} = {304D193C-D39F-4D69-B499-879C69A3C3D5}
		{09D30884-8A5E-4F05-80F8-90FF934E6B04} = {304D193C-D39F-4D69-B499-879C69A3C3D5}
	EndGlobalSection
EndGlobal
